// !$*UTF8*$!
{
	archiveVersion = 1;
	classes = {
	};
	objectVersion = 55;
	objects = {

/* Begin PBXBuildFile section */
		101CFB3427F958640046499C /* StoryViewController.swift in Sources */ = {isa = PBXBuildFile; fileRef = 101CFB3327F958640046499C /* StoryViewController.swift */; };
		101CFB3627F99F910046499C /* EndViewController.swift in Sources */ = {isa = PBXBuildFile; fileRef = 101CFB3527F99F910046499C /* EndViewController.swift */; };
		1053CEFD27F2B0E700F34EBC /* AppDelegate.swift in Sources */ = {isa = PBXBuildFile; fileRef = 1053CEFC27F2B0E700F34EBC /* AppDelegate.swift */; };
		1053CEFF27F2B0E700F34EBC /* SceneDelegate.swift in Sources */ = {isa = PBXBuildFile; fileRef = 1053CEFE27F2B0E700F34EBC /* SceneDelegate.swift */; };
		1053CF0427F2B0E700F34EBC /* Main.storyboard in Resources */ = {isa = PBXBuildFile; fileRef = 1053CF0227F2B0E700F34EBC /* Main.storyboard */; };
		1053CF0627F2B0E700F34EBC /* Assets.xcassets in Resources */ = {isa = PBXBuildFile; fileRef = 1053CF0527F2B0E700F34EBC /* Assets.xcassets */; };
		1053CF0927F2B0E700F34EBC /* LaunchScreen.storyboard in Resources */ = {isa = PBXBuildFile; fileRef = 1053CF0727F2B0E700F34EBC /* LaunchScreen.storyboard */; };
		1086BB1E27F8774F004A90F2 /* StartViewController.swift in Sources */ = {isa = PBXBuildFile; fileRef = 1086BB1D27F8774F004A90F2 /* StartViewController.swift */; };
		10C3A6C927F2ECEF00F5D2DC /* LoginViewController.swift in Sources */ = {isa = PBXBuildFile; fileRef = 10C3A6C827F2ECEF00F5D2DC /* LoginViewController.swift */; };
		10EF894027F6CFEA003197FB /* Slide.swift in Sources */ = {isa = PBXBuildFile; fileRef = 10EF893F27F6CFEA003197FB /* Slide.swift */; };
		10EF894227F6DC89003197FB /* Settings.swift in Sources */ = {isa = PBXBuildFile; fileRef = 10EF894127F6DC89003197FB /* Settings.swift */; };
/* End PBXBuildFile section */

/* Begin PBXFileReference section */
		101CFB3327F958640046499C /* StoryViewController.swift */ = {isa = PBXFileReference; lastKnownFileType = sourcecode.swift; path = StoryViewController.swift; sourceTree = "<group>"; };
		101CFB3527F99F910046499C /* EndViewController.swift */ = {isa = PBXFileReference; lastKnownFileType = sourcecode.swift; path = EndViewController.swift; sourceTree = "<group>"; };
		1053CEF927F2B0E700F34EBC /* VisualNovel.app */ = {isa = PBXFileReference; explicitFileType = wrapper.application; includeInIndex = 0; path = VisualNovel.app; sourceTree = BUILT_PRODUCTS_DIR; };
		1053CEFC27F2B0E700F34EBC /* AppDelegate.swift */ = {isa = PBXFileReference; lastKnownFileType = sourcecode.swift; path = AppDelegate.swift; sourceTree = "<group>"; };
		1053CEFE27F2B0E700F34EBC /* SceneDelegate.swift */ = {isa = PBXFileReference; lastKnownFileType = sourcecode.swift; path = SceneDelegate.swift; sourceTree = "<group>"; };
		1053CF0327F2B0E700F34EBC /* Base */ = {isa = PBXFileReference; lastKnownFileType = file.storyboard; name = Base; path = Base.lproj/Main.storyboard; sourceTree = "<group>"; };
		1053CF0527F2B0E700F34EBC /* Assets.xcassets */ = {isa = PBXFileReference; lastKnownFileType = folder.assetcatalog; path = Assets.xcassets; sourceTree = "<group>"; };
		1053CF0827F2B0E700F34EBC /* Base */ = {isa = PBXFileReference; lastKnownFileType = file.storyboard; name = Base; path = Base.lproj/LaunchScreen.storyboard; sourceTree = "<group>"; };
		1053CF0A27F2B0E700F34EBC /* Info.plist */ = {isa = PBXFileReference; lastKnownFileType = text.plist.xml; path = Info.plist; sourceTree = "<group>"; };
		1086BB1D27F8774F004A90F2 /* StartViewController.swift */ = {isa = PBXFileReference; lastKnownFileType = sourcecode.swift; path = StartViewController.swift; sourceTree = "<group>"; };
		10C3A6C827F2ECEF00F5D2DC /* LoginViewController.swift */ = {isa = PBXFileReference; lastKnownFileType = sourcecode.swift; path = LoginViewController.swift; sourceTree = "<group>"; };
		10EF893F27F6CFEA003197FB /* Slide.swift */ = {isa = PBXFileReference; lastKnownFileType = sourcecode.swift; path = Slide.swift; sourceTree = "<group>"; };
		10EF894127F6DC89003197FB /* Settings.swift */ = {isa = PBXFileReference; lastKnownFileType = sourcecode.swift; path = Settings.swift; sourceTree = "<group>"; };
/* End PBXFileReference section */

/* Begin PBXFrameworksBuildPhase section */
		1053CEF627F2B0E700F34EBC /* Frameworks */ = {
			isa = PBXFrameworksBuildPhase;
			buildActionMask = 2147483647;
			files = (
			);
			runOnlyForDeploymentPostprocessing = 0;
		};
/* End PBXFrameworksBuildPhase section */

/* Begin PBXGroup section */
		1053CEF027F2B0E600F34EBC = {
			isa = PBXGroup;
			children = (
				10C3A6C727F2EC9C00F5D2DC /* Controllers */,
				10C3A6C627F2EC8F00F5D2DC /* Models */,
				1053CEFB27F2B0E700F34EBC /* VisualNovel */,
				1053CEFA27F2B0E700F34EBC /* Products */,
			);
			sourceTree = "<group>";
		};
		1053CEFA27F2B0E700F34EBC /* Products */ = {
			isa = PBXGroup;
			children = (
				1053CEF927F2B0E700F34EBC /* VisualNovel.app */,
			);
			name = Products;
			sourceTree = "<group>";
		};
		1053CEFB27F2B0E700F34EBC /* VisualNovel */ = {
			isa = PBXGroup;
			children = (
				1053CEFC27F2B0E700F34EBC /* AppDelegate.swift */,
				1053CEFE27F2B0E700F34EBC /* SceneDelegate.swift */,
				1053CF0227F2B0E700F34EBC /* Main.storyboard */,
				1053CF0527F2B0E700F34EBC /* Assets.xcassets */,
				1053CF0727F2B0E700F34EBC /* LaunchScreen.storyboard */,
				1053CF0A27F2B0E700F34EBC /* Info.plist */,
			);
			path = VisualNovel;
			sourceTree = "<group>";
		};
		10C3A6C627F2EC8F00F5D2DC /* Models */ = {
			isa = PBXGroup;
			children = (
				10EF893F27F6CFEA003197FB /* Slide.swift */,
				10EF894127F6DC89003197FB /* Settings.swift */,
			);
			path = Models;
			sourceTree = "<group>";
		};
		10C3A6C727F2EC9C00F5D2DC /* Controllers */ = {
			isa = PBXGroup;
			children = (
				10C3A6C827F2ECEF00F5D2DC /* LoginViewController.swift */,
				1086BB1D27F8774F004A90F2 /* StartViewController.swift */,
				101CFB3327F958640046499C /* StoryViewController.swift */,
				101CFB3527F99F910046499C /* EndViewController.swift */,
			);
			path = Controllers;
			sourceTree = "<group>";
		};
/* End PBXGroup section */

/* Begin PBXNativeTarget section */
		1053CEF827F2B0E700F34EBC /* VisualNovel */ = {
			isa = PBXNativeTarget;
			buildConfigurationList = 1053CF0D27F2B0E700F34EBC /* Build configuration list for PBXNativeTarget "VisualNovel" */;
			buildPhases = (
				1053CEF527F2B0E700F34EBC /* Sources */,
				1053CEF627F2B0E700F34EBC /* Frameworks */,
				1053CEF727F2B0E700F34EBC /* Resources */,
			);
			buildRules = (
			);
			dependencies = (
			);
			name = VisualNovel;
			productName = VisualNovel;
			productReference = 1053CEF927F2B0E700F34EBC /* VisualNovel.app */;
			productType = "com.apple.product-type.application";
		};
/* End PBXNativeTarget section */

/* Begin PBXProject section */
		1053CEF127F2B0E600F34EBC /* Project object */ = {
			isa = PBXProject;
			attributes = {
				BuildIndependentTargetsInParallel = 1;
				LastSwiftUpdateCheck = 1330;
				LastUpgradeCheck = 1330;
				TargetAttributes = {
					1053CEF827F2B0E700F34EBC = {
						CreatedOnToolsVersion = 13.3;
					};
				};
			};
			buildConfigurationList = 1053CEF427F2B0E600F34EBC /* Build configuration list for PBXProject "VisualNovel" */;
			compatibilityVersion = "Xcode 13.0";
			developmentRegion = en;
			hasScannedForEncodings = 0;
			knownRegions = (
				en,
				Base,
			);
			mainGroup = 1053CEF027F2B0E600F34EBC;
			productRefGroup = 1053CEFA27F2B0E700F34EBC /* Products */;
			projectDirPath = "";
			projectRoot = "";
			targets = (
				1053CEF827F2B0E700F34EBC /* VisualNovel */,
			);
		};
/* End PBXProject section */

/* Begin PBXResourcesBuildPhase section */
		1053CEF727F2B0E700F34EBC /* Resources */ = {
			isa = PBXResourcesBuildPhase;
			buildActionMask = 2147483647;
			files = (
				1053CF0927F2B0E700F34EBC /* LaunchScreen.storyboard in Resources */,
				1053CF0627F2B0E700F34EBC /* Assets.xcassets in Resources */,
				1053CF0427F2B0E700F34EBC /* Main.storyboard in Resources */,
			);
			runOnlyForDeploymentPostprocessing = 0;
		};
/* End PBXResourcesBuildPhase section */

/* Begin PBXSourcesBuildPhase section */
		1053CEF527F2B0E700F34EBC /* Sources */ = {
			isa = PBXSourcesBuildPhase;
			buildActionMask = 2147483647;
			files = (
				101CFB3627F99F910046499C /* EndViewController.swift in Sources */,
				10EF894227F6DC89003197FB /* Settings.swift in Sources */,
				10C3A6C927F2ECEF00F5D2DC /* LoginViewController.swift in Sources */,
				1053CEFD27F2B0E700F34EBC /* AppDelegate.swift in Sources */,
				1053CEFF27F2B0E700F34EBC /* SceneDelegate.swift in Sources */,
				10EF894027F6CFEA003197FB /* Slide.swift in Sources */,
				101CFB3427F958640046499C /* StoryViewController.swift in Sources */,
				1086BB1E27F8774F004A90F2 /* StartViewController.swift in Sources */,
			);
			runOnlyForDeploymentPostprocessing = 0;
		};
/* End PBXSourcesBuildPhase section */

/* Begin PBXVariantGroup section */
		1053CF0227F2B0E700F34EBC /* Main.storyboard */ = {
			isa = PBXVariantGroup;
			children = (
				1053CF0327F2B0E700F34EBC /* Base */,
			);
			name = Main.storyboard;
			sourceTree = "<group>";
		};
		1053CF0727F2B0E700F34EBC /* LaunchScreen.storyboard */ = {
			isa = PBXVariantGroup;
			children = (
				1053CF0827F2B0E700F34EBC /* Base */,
			);
			name = LaunchScreen.storyboard;
			sourceTree = "<group>";
		};
/* End PBXVariantGroup section */

/* Begin XCBuildConfiguration section */
		1053CF0B27F2B0E700F34EBC /* Debug */ = {
			isa = XCBuildConfiguration;
			buildSettings = {
				ALWAYS_SEARCH_USER_PATHS = NO;
				CLANG_ANALYZER_NONNULL = YES;
				CLANG_ANALYZER_NUMBER_OBJECT_CONVERSION = YES_AGGRESSIVE;
				CLANG_CXX_LANGUAGE_STANDARD = "gnu++17";
				CLANG_ENABLE_MODULES = YES;
				CLANG_ENABLE_OBJC_ARC = YES;
				CLANG_ENABLE_OBJC_WEAK = YES;
				CLANG_WARN_BLOCK_CAPTURE_AUTORELEASING = YES;
				CLANG_WARN_BOOL_CONVERSION = YES;
				CLANG_WARN_COMMA = YES;
				CLANG_WARN_CONSTANT_CONVERSION = YES;
				CLANG_WARN_DEPRECATED_OBJC_IMPLEMENTATIONS = YES;
				CLANG_WARN_DIRECT_OBJC_ISA_USAGE = YES_ERROR;
				CLANG_WARN_DOCUMENTATION_COMMENTS = YES;
				CLANG_WARN_EMPTY_BODY = YES;
				CLANG_WARN_ENUM_CONVERSION = YES;
				CLANG_WARN_INFINITE_RECURSION = YES;
				CLANG_WARN_INT_CONVERSION = YES;
				CLANG_WARN_NON_LITERAL_NULL_CONVERSION = YES;
				CLANG_WARN_OBJC_IMPLICIT_RETAIN_SELF = YES;
				CLANG_WARN_OBJC_LITERAL_CONVERSION = YES;
				CLANG_WARN_OBJC_ROOT_CLASS = YES_ERROR;
				CLANG_WARN_QUOTED_INCLUDE_IN_FRAMEWORK_HEADER = YES;
				CLANG_WARN_RANGE_LOOP_ANALYSIS = YES;
				CLANG_WARN_STRICT_PROTOTYPES = YES;
				CLANG_WARN_SUSPICIOUS_MOVE = YES;
				CLANG_WARN_UNGUARDED_AVAILABILITY = YES_AGGRESSIVE;
				CLANG_WARN_UNREACHABLE_CODE = YES;
				CLANG_WARN__DUPLICATE_METHOD_MATCH = YES;
				COPY_PHASE_STRIP = NO;
				DEBUG_INFORMATION_FORMAT = dwarf;
				ENABLE_STRICT_OBJC_MSGSEND = YES;
				ENABLE_TESTABILITY = YES;
				GCC_C_LANGUAGE_STANDARD = gnu11;
				GCC_DYNAMIC_NO_PIC = NO;
				GCC_NO_COMMON_BLOCKS = YES;
				GCC_OPTIMIZATION_LEVEL = 0;
				GCC_PREPROCESSOR_DEFINITIONS = (
					"DEBUG=1",
					"$(inherited)",
				);
				GCC_WARN_64_TO_32_BIT_CONVERSION = YES;
				GCC_WARN_ABOUT_RETURN_TYPE = YES_ERROR;
				GCC_WARN_UNDECLARED_SELECTOR = YES;
				GCC_WARN_UNINITIALIZED_AUTOS = YES_AGGRESSIVE;
				GCC_WARN_UNUSED_FUNCTION = YES;
				GCC_WARN_UNUSED_VARIABLE = YES;
				IPHONEOS_DEPLOYMENT_TARGET = 15.4;
				MTL_ENABLE_DEBUG_INFO = INCLUDE_SOURCE;
				MTL_FAST_MATH = YES;
				ONLY_ACTIVE_ARCH = YES;
				SDKROOT = iphoneos;
				SWIFT_ACTIVE_COMPILATION_CONDITIONS = DEBUG;
				SWIFT_OPTIMIZATION_LEVEL = "-Onone";
			};
			name = Debug;
		};
		1053CF0C27F2B0E700F34EBC /* Release */ = {
			isa = XCBuildConfiguration;
			buildSettings = {
				ALWAYS_SEARCH_USER_PATHS = NO;
				CLANG_ANALYZER_NONNULL = YES;
				CLANG_ANALYZER_NUMBER_OBJECT_CONVERSION = YES_AGGRESSIVE;
				CLANG_CXX_LANGUAGE_STANDARD = "gnu++17";
				CLANG_ENABLE_MODULES = YES;
				CLANG_ENABLE_OBJC_ARC = YES;
				CLANG_ENABLE_OBJC_WEAK = YES;
				CLANG_WARN_BLOCK_CAPTURE_AUTORELEASING = YES;
				CLANG_WARN_BOOL_CONVERSION = YES;
				CLANG_WARN_COMMA = YES;
				CLANG_WARN_CONSTANT_CONVERSION = YES;
				CLANG_WARN_DEPRECATED_OBJC_IMPLEMENTATIONS = YES;
				CLANG_WARN_DIRECT_OBJC_ISA_USAGE = YES_ERROR;
				CLANG_WARN_DOCUMENTATION_COMMENTS = YES;
				CLANG_WARN_EMPTY_BODY = YES;
				CLANG_WARN_ENUM_CONVERSION = YES;
				CLANG_WARN_INFINITE_RECURSION = YES;
				CLANG_WARN_INT_CONVERSION = YES;
				CLANG_WARN_NON_LITERAL_NULL_CONVERSION = YES;
				CLANG_WARN_OBJC_IMPLICIT_RETAIN_SELF = YES;
				CLANG_WARN_OBJC_LITERAL_CONVERSION = YES;
				CLANG_WARN_OBJC_ROOT_CLASS = YES_ERROR;
				CLANG_WARN_QUOTED_INCLUDE_IN_FRAMEWORK_HEADER = YES;
				CLANG_WARN_RANGE_LOOP_ANALYSIS = YES;
				CLANG_WARN_STRICT_PROTOTYPES = YES;
				CLANG_WARN_SUSPICIOUS_MOVE = YES;
				CLANG_WARN_UNGUARDED_AVAILABILITY = YES_AGGRESSIVE;
				CLANG_WARN_UNREACHABLE_CODE = YES;
				CLANG_WARN__DUPLICATE_METHOD_MATCH = YES;
				COPY_PHASE_STRIP = NO;
				DEBUG_INFORMATION_FORMAT = "dwarf-with-dsym";
				ENABLE_NS_ASSERTIONS = NO;
				ENABLE_STRICT_OBJC_MSGSEND = YES;
				GCC_C_LANGUAGE_STANDARD = gnu11;
				GCC_NO_COMMON_BLOCKS = YES;
				GCC_WARN_64_TO_32_BIT_CONVERSION = YES;
				GCC_WARN_ABOUT_RETURN_TYPE = YES_ERROR;
				GCC_WARN_UNDECLARED_SELECTOR = YES;
				GCC_WARN_UNINITIALIZED_AUTOS = YES_AGGRESSIVE;
				GCC_WARN_UNUSED_FUNCTION = YES;
				GCC_WARN_UNUSED_VARIABLE = YES;
				IPHONEOS_DEPLOYMENT_TARGET = 15.4;
				MTL_ENABLE_DEBUG_INFO = NO;
				MTL_FAST_MATH = YES;
				SDKROOT = iphoneos;
				SWIFT_COMPILATION_MODE = wholemodule;
				SWIFT_OPTIMIZATION_LEVEL = "-O";
				VALIDATE_PRODUCT = YES;
			};
			name = Release;
		};
		1053CF0E27F2B0E700F34EBC /* Debug */ = {
			isa = XCBuildConfiguration;
			buildSettings = {
				ASSETCATALOG_COMPILER_APPICON_NAME = AppIcon;
				ASSETCATALOG_COMPILER_GLOBAL_ACCENT_COLOR_NAME = AccentColor;
				CODE_SIGN_STYLE = Automatic;
				CURRENT_PROJECT_VERSION = 1;
				GENERATE_INFOPLIST_FILE = YES;
				INFOPLIST_FILE = VisualNovel/Info.plist;
				INFOPLIST_KEY_CFBundleDisplayName = "Visual Novel";
				INFOPLIST_KEY_UIApplicationSupportsIndirectInputEvents = YES;
				INFOPLIST_KEY_UILaunchStoryboardName = LaunchScreen;
				INFOPLIST_KEY_UIMainStoryboardFile = Main;
				INFOPLIST_KEY_UISupportedInterfaceOrientations = UIInterfaceOrientationPortrait;
				INFOPLIST_KEY_UISupportedInterfaceOrientations_iPad = "UIInterfaceOrientationPortrait UIInterfaceOrientationPortraitUpsideDown UIInterfaceOrientationLandscapeLeft UIInterfaceOrientationLandscapeRight";
				INFOPLIST_KEY_UISupportedInterfaceOrientations_iPhone = "UIInterfaceOrientationPortrait UIInterfaceOrientationLandscapeLeft UIInterfaceOrientationLandscapeRight";
				IPHONEOS_DEPLOYMENT_TARGET = 13.0;
				LD_RUNPATH_SEARCH_PATHS = (
					"$(inherited)",
					"@executable_path/Frameworks",
				);
				MARKETING_VERSION = 1.0;
				PRODUCT_BUNDLE_IDENTIFIER = ru.bugashka.VisualNovel;
				PRODUCT_NAME = "$(TARGET_NAME)";
				SWIFT_EMIT_LOC_STRINGS = YES;
				SWIFT_VERSION = 5.0;
				TARGETED_DEVICE_FAMILY = 1;
			};
			name = Debug;
		};
		1053CF0F27F2B0E700F34EBC /* Release */ = {
			isa = XCBuildConfiguration;
			buildSettings = {
				ASSETCATALOG_COMPILER_APPICON_NAME = AppIcon;
				ASSETCATALOG_COMPILER_GLOBAL_ACCENT_COLOR_NAME = AccentColor;
				CODE_SIGN_STYLE = Automatic;
				CURRENT_PROJECT_VERSION = 1;
				GENERATE_INFOPLIST_FILE = YES;
				INFOPLIST_FILE = VisualNovel/Info.plist;
				INFOPLIST_KEY_CFBundleDisplayName = "Visual Novel";
				INFOPLIST_KEY_UIApplicationSupportsIndirectInputEvents = YES;
				INFOPLIST_KEY_UILaunchStoryboardName = LaunchScreen;
				INFOPLIST_KEY_UIMainStoryboardFile = Main;
				INFOPLIST_KEY_UISupportedInterfaceOrientations = UIInterfaceOrientationPortrait;
				INFOPLIST_KEY_UISupportedInterfaceOrientations_iPad = "UIInterfaceOrientationPortrait UIInterfaceOrientationPortraitUpsideDown UIInterfaceOrientationLandscapeLeft UIInterfaceOrientationLandscapeRight";
				INFOPLIST_KEY_UISupportedInterfaceOrientations_iPhone = "UIInterfaceOrientationPortrait UIInterfaceOrientationLandscapeLeft UIInterfaceOrientationLandscapeRight";
				IPHONEOS_DEPLOYMENT_TARGET = 13.0;
				LD_RUNPATH_SEARCH_PATHS = (
					"$(inherited)",
					"@executable_path/Frameworks",
				);
				MARKETING_VERSION = 1.0;
				PRODUCT_BUNDLE_IDENTIFIER = ru.bugashka.VisualNovel;
				PRODUCT_NAME = "$(TARGET_NAME)";
				SWIFT_EMIT_LOC_STRINGS = YES;
				SWIFT_VERSION = 5.0;
				TARGETED_DEVICE_FAMILY = 1;
			};
			name = Release;
		};
/* End XCBuildConfiguration section */

/* Begin XCConfigurationList section */
		1053CEF427F2B0E600F34EBC /* Build configuration list for PBXProject "VisualNovel" */ = {
			isa = XCConfigurationList;
			buildConfigurations = (
				1053CF0B27F2B0E700F34EBC /* Debug */,
				1053CF0C27F2B0E700F34EBC /* Release */,
			);
			defaultConfigurationIsVisible = 0;
			defaultConfigurationName = Release;
		};
		1053CF0D27F2B0E700F34EBC /* Build configuration list for PBXNativeTarget "VisualNovel" */ = {
			isa = XCConfigurationList;
			buildConfigurations = (
				1053CF0E27F2B0E700F34EBC /* Debug */,
				1053CF0F27F2B0E700F34EBC /* Release */,
			);
			defaultConfigurationIsVisible = 0;
			defaultConfigurationName = Release;
		};
/* End XCConfigurationList section */
	};
	rootObject = 1053CEF127F2B0E600F34EBC /* Project object */;
}
